
Microsoft Visual Studio Solution File, Format Version 12.00
# Visual Studio 2012
Project("{2150E333-8FDC-42A3-9474-1A3956D46DE8}") = "Shared", "Shared", "{F9E370AF-DD5A-44DE-B79D-710EA681D24A}"
EndProject
Project("{2150E333-8FDC-42A3-9474-1A3956D46DE8}") = "Controls", "Controls", "{F5015540-85DC-4931-B214-0C7BBB50AA5A}"
EndProject
Project("{2150E333-8FDC-42A3-9474-1A3956D46DE8}") = "Models", "Models", "{BADBA122-474A-490B-B465-BAD2992DD61F}"
EndProject
Project("{2150E333-8FDC-42A3-9474-1A3956D46DE8}") = "Models_Lissov", "Models_Lissov", "{3899DBFB-A51E-48AF-B48D-3F123C36DD28}"
EndProject
Project("{2150E333-8FDC-42A3-9474-1A3956D46DE8}") = "Models_Tak", "Models_Tak", "{DA4F12F6-5D4B-41A1-A53B-F1AD8AE3B513}"
EndProject
Project("{2150E333-8FDC-42A3-9474-1A3956D46DE8}") = "Test", "Test", "{F4D00BA4-412B-4A5E-B488-4BFF219E0B99}"
EndProject
Project("{2150E333-8FDC-42A3-9474-1A3956D46DE8}") = "Test", "Test", "{DA18C23F-5A4B-4F81-BCA9-C6829A2DAADC}"
EndProject
Project("{2150E333-8FDC-42A3-9474-1A3956D46DE8}") = "Models_Ann", "Models_Ann", "{6A7E01F0-A404-4A60-9069-87C30EFA5AF1}"
EndProject
Project("{2150E333-8FDC-42A3-9474-1A3956D46DE8}") = "Thermoregulation", "Thermoregulation", "{826112A3-5187-4380-8660-D2AFDD34027F}"
EndProject
Project("{2150E333-8FDC-42A3-9474-1A3956D46DE8}") = "Models_FromLiterature", "Models_FromLiterature", "{7895744F-A319-4D27-87EA-D19764D86E61}"
EndProject
Project("{2150E333-8FDC-42A3-9474-1A3956D46DE8}") = "Models_Grigoryan", "Models_Grigoryan", "{B351A927-6C11-4798-9887-7B39D6D8261D}"
EndProject
Project("{2150E333-8FDC-42A3-9474-1A3956D46DE8}") = "Services", "Services", "{5D32D78F-008E-4E4D-BFD6-256113D2C8BC}"
EndProject
Project("{2150E333-8FDC-42A3-9474-1A3956D46DE8}") = "Conference_2014", "Conference_2014", "{F5299AE9-14CC-4707-A81C-866D2539B27B}"
EndProject
Project("{F184B08F-C81C-45F6-A57F-5ABD9991F28F}") = "Client", "Client\Client.vbproj", "{2BB548E9-B05F-43E7-94EF-E155331F0184}"
EndProject
Project("{F184B08F-C81C-45F6-A57F-5ABD9991F28F}") = "ModelBase", "Shared\ModelBase\ModelBase.vbproj", "{2378DD4D-2EC3-49BD-8756-1011FE926FCB}"
EndProject
Project("{F184B08F-C81C-45F6-A57F-5ABD9991F28F}") = "Model1", "Models\Test\Model1\Model1.vbproj", "{E59853DC-6291-46D4-AD58-175AD8ABEDA9}"
EndProject
Project("{F184B08F-C81C-45F6-A57F-5ABD9991F28F}") = "Model2", "Models\Test\Model2\Model2.vbproj", "{25D46AB9-B8A6-4672-8C1C-35DEB1811F31}"
EndProject
Project("{F184B08F-C81C-45F6-A57F-5ABD9991F28F}") = "Model3", "Models\Test\Model3\Model3.vbproj", "{0C111FFE-C639-4B67-84FD-F04EAD6B2F99}"
EndProject
Project("{F184B08F-C81C-45F6-A57F-5ABD9991F28F}") = "InputFunction", "Shared\Controls\InputFunction\InputFunction.vbproj", "{7525C1EC-8784-41FE-91EB-0119E76C133B}"
EndProject
Project("{F184B08F-C81C-45F6-A57F-5ABD9991F28F}") = "InputModel", "Models\Test\InputModel\InputModel.vbproj", "{678544BF-70C0-4035-956C-EB9861CF0C93}"
EndProject
Project("{F184B08F-C81C-45F6-A57F-5ABD9991F28F}") = "Functions", "Shared\Functions\Functions.vbproj", "{B7F8E6B0-95FB-407F-A445-F89EF5F599F9}"
EndProject
Project("{F184B08F-C81C-45F6-A57F-5ABD9991F28F}") = "SharedControls", "Shared\Controls\SharedControls\SharedControls.vbproj", "{BD314549-18B6-494D-98A2-EB7ACB359D82}"
EndProject
Project("{FAE04EC0-301F-11D3-BF4B-00C04F79EFBC}") = "LissovBase", "Shared\LissovBase\LissovBase.csproj", "{6F1EBBDA-15A9-4648-8702-50C397FB42B8}"
EndProject
Project("{FAE04EC0-301F-11D3-BF4B-00C04F79EFBC}") = "LissovLog", "Shared\Controls\LissovLog\LissovLog.csproj", "{287CCF74-DB6F-4981-97E2-5EC1CB8BCC7B}"
EndProject
Project("{F184B08F-C81C-45F6-A57F-5ABD9991F28F}") = "BetaSetup", "Shared\Controls\BetaSetup\BetaSetup.vbproj", "{0D07F840-2370-40B5-9D30-AC9E4E58985A}"
EndProject
Project("{FAE04EC0-301F-11D3-BF4B-00C04F79EFBC}") = "Model_Baroreception", "Models\Models_Lissov\Model_Baroreception\Model_Baroreception.csproj", "{AD39FF58-DD91-452E-BC7F-B94E00D8E552}"
EndProject
Project("{FAE04EC0-301F-11D3-BF4B-00C04F79EFBC}") = "Model_CVS", "Models\Models_Lissov\Model_CVS\Model_CVS.csproj", "{CFF39F3C-76B8-48BF-B3FE-B688722F0442}"
EndProject
Project("{FAE04EC0-301F-11D3-BF4B-00C04F79EFBC}") = "Model_Fluids", "Models\Models_Lissov\Model_Fluids\Model_Fluids.csproj", "{BA8546D8-E9C8-412C-AD51-5D4B81A66A41}"
EndProject
Project("{FAE04EC0-301F-11D3-BF4B-00C04F79EFBC}") = "Model_HeartStable", "Models\Models_Lissov\Model_HeartStable\Model_HeartStable.csproj", "{A9A9F605-F5D9-42E8-8F28-CF80FD39D450}"
EndProject
Project("{FAE04EC0-301F-11D3-BF4B-00C04F79EFBC}") = "Model_Load", "Models\Models_Lissov\Model_Load\Model_Load.csproj", "{448AB068-C543-4D6A-863A-DB4B95B8576B}"
EndProject
Project("{F184B08F-C81C-45F6-A57F-5ABD9991F28F}") = "Model_Input", "Models\Models_Tak\Input\Model_Input.vbproj", "{C0F05B00-B19B-4699-94DD-3C4E20AFE599}"
EndProject
Project("{F184B08F-C81C-45F6-A57F-5ABD9991F28F}") = "Model_V", "Models\Models_Tak\V\Model_V.vbproj", "{F157B21A-3C94-4DCD-9D45-1CA3B5AB8BB4}"
EndProject
Project("{F184B08F-C81C-45F6-A57F-5ABD9991F28F}") = "Model_CV", "Models\Models_Tak\CV\Model_CV.vbproj", "{EB628C18-0299-44C4-97FF-3917BACDBB5F}"
EndProject
Project("{F184B08F-C81C-45F6-A57F-5ABD9991F28F}") = "Model_PS", "Models\Models_Tak\PS\Model_PS.vbproj", "{C07B4E98-1F7A-4C5C-8008-72E273575EB7}"
EndProject
Project("{F184B08F-C81C-45F6-A57F-5ABD9991F28F}") = "Model_LA", "Models\Models_Tak\LA\Model_LA.vbproj", "{F23BBB71-9CF1-4899-9B25-AA5D1D207CD6}"
EndProject
Project("{F184B08F-C81C-45F6-A57F-5ABD9991F28F}") = "Model_LV", "Models\Models_Tak\LV\Model_LV.vbproj", "{626FD206-9373-4176-92D5-A92776068939}"
EndProject
Project("{F184B08F-C81C-45F6-A57F-5ABD9991F28F}") = "Model_LS", "Models\Models_Tak\LS\Model_LS.vbproj", "{48B3314D-4E28-4A43-AACD-C2C57D1E0B9B}"
EndProject
Project("{F184B08F-C81C-45F6-A57F-5ABD9991F28F}") = "Model_AA", "Models\Models_Tak\AA\Model_AA.vbproj", "{0369204E-192F-4BFB-A95D-0CE6DCC41A2E}"
EndProject
Project("{F184B08F-C81C-45F6-A57F-5ABD9991F28F}") = "Model_A", "Models\Models_Tak\A\Model_A.vbproj", "{A8BC4DC6-1BC7-47CF-9747-1050C3E2B571}"
EndProject
Project("{F184B08F-C81C-45F6-A57F-5ABD9991F28F}") = "Model_AH", "Models\Models_Tak\AH\Model_AH.vbproj", "{4350005F-9635-44AF-A332-5AF1A4EDB756}"
EndProject
Project("{F184B08F-C81C-45F6-A57F-5ABD9991F28F}") = "Model_VH", "Models\Models_Tak\VH\Model_VH.vbproj", "{9F1C9A00-9D60-4568-B178-F9FD889E0C94}"
EndProject
Project("{F184B08F-C81C-45F6-A57F-5ABD9991F28F}") = "Model_Common", "Models\Models_Tak\Common\Model_Common.vbproj", "{5B0B52F5-9DE0-494D-93C6-C780D2309FAC}"
EndProject
Project("{F184B08F-C81C-45F6-A57F-5ABD9991F28F}") = "Model_Regulation", "Models\Models_Tak\Regulation\Model_Regulation.vbproj", "{0537581B-F98B-43B8-A81C-042452F2F6A8}"
EndProject
Project("{F184B08F-C81C-45F6-A57F-5ABD9991F28F}") = "Model_System", "Models\Models_Tak\System\Model_System.vbproj", "{524E5683-6042-492A-9692-791F1BB298BC}"
EndProject
Project("{FAE04EC0-301F-11D3-BF4B-00C04F79EFBC}") = "Model_Kidney", "Models\Models_Lissov\Model_Kidney\Model_Kidney.csproj", "{EE05AA91-6FE4-4478-BB93-7455987C5888}"
EndProject
Project("{FAE04EC0-301F-11D3-BF4B-00C04F79EFBC}") = "Tests", "Test\Tests\Tests.csproj", "{4689E7A8-FDA7-45E5-ABA4-576B26A5FA33}"
EndProject
Project("{F184B08F-C81C-45F6-A57F-5ABD9991F28F}") = "OfficeIntegration", "OfficeIntegration\OfficeIntegration.vbproj", "{E0BB2A14-B153-48E2-9A74-B71BF8B8D462}"
EndProject
Project("{FAE04EC0-301F-11D3-BF4B-00C04F79EFBC}") = "VisualControls", "Shared\Controls\VisualControls\VisualControls.csproj", "{F4E8C5F5-CA23-4508-B540-A87068EA7329}"
EndProject
Project("{FAE04EC0-301F-11D3-BF4B-00C04F79EFBC}") = "GeneralCVSModel", "Models\Models_Lissov\GeneralCVSModel\GeneralCVSModel.csproj", "{457A6294-AB7C-4919-92EF-9C4A9200E235}"
EndProject
Project("{F184B08F-C81C-45F6-A57F-5ABD9991F28F}") = "Model_Kidneys", "Models\Models_Tak\Kidney\Model_Kidneys.vbproj", "{24F0E036-FC3B-4D3A-B4BA-E1B999D3748E}"
EndProject
Project("{F184B08F-C81C-45F6-A57F-5ABD9991F28F}") = "ClientControls", "ClientControls\ClientControls.vbproj", "{0CFD5A01-2368-41A1-AFD6-75A5400E75B3}"
EndProject
Project("{F184B08F-C81C-45F6-A57F-5ABD9991F28F}") = "Model_InsulineGlucose", "Models\Models_Tak\InsulinGlucose\Model_InsulineGlucose.vbproj", "{A9D7D600-A4F9-4F28-A4B0-A50E9095D2AA}"
EndProject
Project("{FAE04EC0-301F-11D3-BF4B-00C04F79EFBC}") = "Thermoregulation", "Models\Models_Ann\Thermoregulation\Thermoregulation.csproj", "{2622F518-89FC-4DB2-90DF-E8D0409D115F}"
EndProject
Project("{F184B08F-C81C-45F6-A57F-5ABD9991F28F}") = "Graph", "Graph\Graph.vbproj", "{29973652-2B21-4B93-936C-FCFF24BC6BAF}"
EndProject
Project("{F184B08F-C81C-45F6-A57F-5ABD9991F28F}") = "Model_Topp", "Models\Models_FromLiterature\Model_Topp\Model_Topp.vbproj", "{C13FA6AB-A69B-4147-B84E-F16D80C7953C}"
EndProject
Project("{F184B08F-C81C-45F6-A57F-5ABD9991F28F}") = "Model_Shirokova", "Models\Models_FromLiterature\Model_Shirokova\Model_Shirokova.vbproj", "{A559997E-2FCC-4405-9384-EAAE459FA04C}"
EndProject
Project("{F184B08F-C81C-45F6-A57F-5ABD9991F28F}") = "EnergyBalanceModel", "Models\Models_Grigoryan\EnergyBalanceModel\EnergyBalanceModel.vbproj", "{E9488750-C508-43AE-8CD9-BD2853ED829D}"
EndProject
Project("{F184B08F-C81C-45F6-A57F-5ABD9991F28F}") = "Modelling tool chart service", "Services\Modelling tool chart service\Modelling tool chart service.vbproj", "{8AA2263D-B040-4E97-9FE3-B51B63475F1A}"
EndProject
Project("{F184B08F-C81C-45F6-A57F-5ABD9991F28F}") = "EnergyModel_New", "Models\Models_Grigoryan\EnergyModel_New\EnergyModel_New.vbproj", "{FB3F64DF-55CB-4A2B-B922-B09936F72170}"
EndProject
Project("{F184B08F-C81C-45F6-A57F-5ABD9991F28F}") = "Model_UprSSS", "Models\Conference_2014\Model_UprSSS\Model_UprSSS.vbproj", "{3A59F342-3B6F-4657-94E6-240B9188E4F6}"
EndProject
Project("{F184B08F-C81C-45F6-A57F-5ABD9991F28F}") = "Model_NeuprSSS", "Models\Conference_2014\Model_NeuprSSS\Model_NeuprSSS.vbproj", "{67133ADF-3DC8-4957-9150-1D13EE8A81F6}"
EndProject
Project("{F184B08F-C81C-45F6-A57F-5ABD9991F28F}") = "Model_ArterialnayaGipertensia", "Models\Conference_2014\Model_ArterialnayaGipertensia\Model_ArterialnayaGipertensia.vbproj", "{EAE6B897-E5A6-4E0E-BFB0-023D64AFD6E5}"
EndProject
Project("{FAE04EC0-301F-11D3-BF4B-00C04F79EFBC}") = "Model_Energy", "Models\Models_Lissov\Model_Energy\Model_Energy.csproj", "{9F062177-BA0C-492A-AC7F-C3F4853F7DE2}"
EndProject
Global
	GlobalSection(SolutionConfigurationPlatforms) = preSolution
		Debug|Any CPU = Debug|Any CPU
		Debug|x86 = Debug|x86
		Release|Any CPU = Release|Any CPU
		Release|x86 = Release|x86
	EndGlobalSection
	GlobalSection(ProjectConfigurationPlatforms) = postSolution
		{2BB548E9-B05F-43E7-94EF-E155331F0184}.Debug|Any CPU.ActiveCfg = Debug|Any CPU
		{2BB548E9-B05F-43E7-94EF-E155331F0184}.Debug|Any CPU.Build.0 = Debug|Any CPU
		{2BB548E9-B05F-43E7-94EF-E155331F0184}.Debug|x86.ActiveCfg = Debug|Any CPU
		{2BB548E9-B05F-43E7-94EF-E155331F0184}.Release|Any CPU.ActiveCfg = Release|Any CPU
		{2BB548E9-B05F-43E7-94EF-E155331F0184}.Release|Any CPU.Build.0 = Release|Any CPU
		{2BB548E9-B05F-43E7-94EF-E155331F0184}.Release|x86.ActiveCfg = Release|Any CPU
		{2378DD4D-2EC3-49BD-8756-1011FE926FCB}.Debug|Any CPU.ActiveCfg = Debug|Any CPU
		{2378DD4D-2EC3-49BD-8756-1011FE926FCB}.Debug|Any CPU.Build.0 = Debug|Any CPU
		{2378DD4D-2EC3-49BD-8756-1011FE926FCB}.Debug|x86.ActiveCfg = Debug|Any CPU
		{2378DD4D-2EC3-49BD-8756-1011FE926FCB}.Release|Any CPU.ActiveCfg = Release|Any CPU
		{2378DD4D-2EC3-49BD-8756-1011FE926FCB}.Release|Any CPU.Build.0 = Release|Any CPU
		{2378DD4D-2EC3-49BD-8756-1011FE926FCB}.Release|x86.ActiveCfg = Release|Any CPU
		{E59853DC-6291-46D4-AD58-175AD8ABEDA9}.Debug|Any CPU.ActiveCfg = Debug|Any CPU
		{E59853DC-6291-46D4-AD58-175AD8ABEDA9}.Debug|Any CPU.Build.0 = Debug|Any CPU
		{E59853DC-6291-46D4-AD58-175AD8ABEDA9}.Debug|x86.ActiveCfg = Debug|Any CPU
		{E59853DC-6291-46D4-AD58-175AD8ABEDA9}.Release|Any CPU.ActiveCfg = Release|Any CPU
		{E59853DC-6291-46D4-AD58-175AD8ABEDA9}.Release|Any CPU.Build.0 = Release|Any CPU
		{E59853DC-6291-46D4-AD58-175AD8ABEDA9}.Release|x86.ActiveCfg = Release|Any CPU
		{25D46AB9-B8A6-4672-8C1C-35DEB1811F31}.Debug|Any CPU.ActiveCfg = Debug|Any CPU
		{25D46AB9-B8A6-4672-8C1C-35DEB1811F31}.Debug|Any CPU.Build.0 = Debug|Any CPU
		{25D46AB9-B8A6-4672-8C1C-35DEB1811F31}.Debug|x86.ActiveCfg = Debug|Any CPU
		{25D46AB9-B8A6-4672-8C1C-35DEB1811F31}.Release|Any CPU.ActiveCfg = Release|Any CPU
		{25D46AB9-B8A6-4672-8C1C-35DEB1811F31}.Release|Any CPU.Build.0 = Release|Any CPU
		{25D46AB9-B8A6-4672-8C1C-35DEB1811F31}.Release|x86.ActiveCfg = Release|Any CPU
		{0C111FFE-C639-4B67-84FD-F04EAD6B2F99}.Debug|Any CPU.ActiveCfg = Debug|Any CPU
		{0C111FFE-C639-4B67-84FD-F04EAD6B2F99}.Debug|Any CPU.Build.0 = Debug|Any CPU
		{0C111FFE-C639-4B67-84FD-F04EAD6B2F99}.Debug|x86.ActiveCfg = Debug|Any CPU
		{0C111FFE-C639-4B67-84FD-F04EAD6B2F99}.Release|Any CPU.ActiveCfg = Release|Any CPU
		{0C111FFE-C639-4B67-84FD-F04EAD6B2F99}.Release|Any CPU.Build.0 = Release|Any CPU
		{0C111FFE-C639-4B67-84FD-F04EAD6B2F99}.Release|x86.ActiveCfg = Release|Any CPU
		{7525C1EC-8784-41FE-91EB-0119E76C133B}.Debug|Any CPU.ActiveCfg = Debug|Any CPU
		{7525C1EC-8784-41FE-91EB-0119E76C133B}.Debug|Any CPU.Build.0 = Debug|Any CPU
		{7525C1EC-8784-41FE-91EB-0119E76C133B}.Debug|x86.ActiveCfg = Debug|Any CPU
		{7525C1EC-8784-41FE-91EB-0119E76C133B}.Release|Any CPU.ActiveCfg = Release|Any CPU
		{7525C1EC-8784-41FE-91EB-0119E76C133B}.Release|Any CPU.Build.0 = Release|Any CPU
		{7525C1EC-8784-41FE-91EB-0119E76C133B}.Release|x86.ActiveCfg = Release|Any CPU
		{678544BF-70C0-4035-956C-EB9861CF0C93}.Debug|Any CPU.ActiveCfg = Debug|Any CPU
		{678544BF-70C0-4035-956C-EB9861CF0C93}.Debug|Any CPU.Build.0 = Debug|Any CPU
		{678544BF-70C0-4035-956C-EB9861CF0C93}.Debug|x86.ActiveCfg = Debug|Any CPU
		{678544BF-70C0-4035-956C-EB9861CF0C93}.Release|Any CPU.ActiveCfg = Release|Any CPU
		{678544BF-70C0-4035-956C-EB9861CF0C93}.Release|Any CPU.Build.0 = Release|Any CPU
		{678544BF-70C0-4035-956C-EB9861CF0C93}.Release|x86.ActiveCfg = Release|Any CPU
		{B7F8E6B0-95FB-407F-A445-F89EF5F599F9}.Debug|Any CPU.ActiveCfg = Debug|Any CPU
		{B7F8E6B0-95FB-407F-A445-F89EF5F599F9}.Debug|Any CPU.Build.0 = Debug|Any CPU
		{B7F8E6B0-95FB-407F-A445-F89EF5F599F9}.Debug|x86.ActiveCfg = Debug|Any CPU
		{B7F8E6B0-95FB-407F-A445-F89EF5F599F9}.Release|Any CPU.ActiveCfg = Release|Any CPU
		{B7F8E6B0-95FB-407F-A445-F89EF5F599F9}.Release|Any CPU.Build.0 = Release|Any CPU
		{B7F8E6B0-95FB-407F-A445-F89EF5F599F9}.Release|x86.ActiveCfg = Release|Any CPU
		{BD314549-18B6-494D-98A2-EB7ACB359D82}.Debug|Any CPU.ActiveCfg = Debug|Any CPU
		{BD314549-18B6-494D-98A2-EB7ACB359D82}.Debug|Any CPU.Build.0 = Debug|Any CPU
		{BD314549-18B6-494D-98A2-EB7ACB359D82}.Debug|x86.ActiveCfg = Debug|Any CPU
		{BD314549-18B6-494D-98A2-EB7ACB359D82}.Release|Any CPU.ActiveCfg = Release|Any CPU
		{BD314549-18B6-494D-98A2-EB7ACB359D82}.Release|Any CPU.Build.0 = Release|Any CPU
		{BD314549-18B6-494D-98A2-EB7ACB359D82}.Release|x86.ActiveCfg = Release|Any CPU
		{6F1EBBDA-15A9-4648-8702-50C397FB42B8}.Debug|Any CPU.ActiveCfg = Debug|Any CPU
		{6F1EBBDA-15A9-4648-8702-50C397FB42B8}.Debug|Any CPU.Build.0 = Debug|Any CPU
		{6F1EBBDA-15A9-4648-8702-50C397FB42B8}.Debug|x86.ActiveCfg = Debug|Any CPU
		{6F1EBBDA-15A9-4648-8702-50C397FB42B8}.Release|Any CPU.ActiveCfg = Release|Any CPU
		{6F1EBBDA-15A9-4648-8702-50C397FB42B8}.Release|Any CPU.Build.0 = Release|Any CPU
		{6F1EBBDA-15A9-4648-8702-50C397FB42B8}.Release|x86.ActiveCfg = Release|Any CPU
		{287CCF74-DB6F-4981-97E2-5EC1CB8BCC7B}.Debug|Any CPU.ActiveCfg = Debug|Any CPU
		{287CCF74-DB6F-4981-97E2-5EC1CB8BCC7B}.Debug|Any CPU.Build.0 = Debug|Any CPU
		{287CCF74-DB6F-4981-97E2-5EC1CB8BCC7B}.Debug|x86.ActiveCfg = Debug|Any CPU
		{287CCF74-DB6F-4981-97E2-5EC1CB8BCC7B}.Release|Any CPU.ActiveCfg = Release|Any CPU
		{287CCF74-DB6F-4981-97E2-5EC1CB8BCC7B}.Release|Any CPU.Build.0 = Release|Any CPU
		{287CCF74-DB6F-4981-97E2-5EC1CB8BCC7B}.Release|x86.ActiveCfg = Release|Any CPU
		{0D07F840-2370-40B5-9D30-AC9E4E58985A}.Debug|Any CPU.ActiveCfg = Debug|Any CPU
		{0D07F840-2370-40B5-9D30-AC9E4E58985A}.Debug|Any CPU.Build.0 = Debug|Any CPU
		{0D07F840-2370-40B5-9D30-AC9E4E58985A}.Debug|x86.ActiveCfg = Debug|Any CPU
		{0D07F840-2370-40B5-9D30-AC9E4E58985A}.Release|Any CPU.ActiveCfg = Release|Any CPU
		{0D07F840-2370-40B5-9D30-AC9E4E58985A}.Release|Any CPU.Build.0 = Release|Any CPU
		{0D07F840-2370-40B5-9D30-AC9E4E58985A}.Release|x86.ActiveCfg = Release|Any CPU
		{AD39FF58-DD91-452E-BC7F-B94E00D8E552}.Debug|Any CPU.ActiveCfg = Debug|Any CPU
		{AD39FF58-DD91-452E-BC7F-B94E00D8E552}.Debug|Any CPU.Build.0 = Debug|Any CPU
		{AD39FF58-DD91-452E-BC7F-B94E00D8E552}.Debug|x86.ActiveCfg = Debug|Any CPU
		{AD39FF58-DD91-452E-BC7F-B94E00D8E552}.Release|Any CPU.ActiveCfg = Release|Any CPU
		{AD39FF58-DD91-452E-BC7F-B94E00D8E552}.Release|Any CPU.Build.0 = Release|Any CPU
		{AD39FF58-DD91-452E-BC7F-B94E00D8E552}.Release|x86.ActiveCfg = Release|Any CPU
		{CFF39F3C-76B8-48BF-B3FE-B688722F0442}.Debug|Any CPU.ActiveCfg = Debug|Any CPU
		{CFF39F3C-76B8-48BF-B3FE-B688722F0442}.Debug|Any CPU.Build.0 = Debug|Any CPU
		{CFF39F3C-76B8-48BF-B3FE-B688722F0442}.Debug|x86.ActiveCfg = Debug|Any CPU
		{CFF39F3C-76B8-48BF-B3FE-B688722F0442}.Release|Any CPU.ActiveCfg = Release|Any CPU
		{CFF39F3C-76B8-48BF-B3FE-B688722F0442}.Release|Any CPU.Build.0 = Release|Any CPU
		{CFF39F3C-76B8-48BF-B3FE-B688722F0442}.Release|x86.ActiveCfg = Release|Any CPU
		{BA8546D8-E9C8-412C-AD51-5D4B81A66A41}.Debug|Any CPU.ActiveCfg = Debug|Any CPU
		{BA8546D8-E9C8-412C-AD51-5D4B81A66A41}.Debug|Any CPU.Build.0 = Debug|Any CPU
		{BA8546D8-E9C8-412C-AD51-5D4B81A66A41}.Debug|x86.ActiveCfg = Debug|Any CPU
		{BA8546D8-E9C8-412C-AD51-5D4B81A66A41}.Release|Any CPU.ActiveCfg = Release|Any CPU
		{BA8546D8-E9C8-412C-AD51-5D4B81A66A41}.Release|Any CPU.Build.0 = Release|Any CPU
		{BA8546D8-E9C8-412C-AD51-5D4B81A66A41}.Release|x86.ActiveCfg = Release|Any CPU
		{A9A9F605-F5D9-42E8-8F28-CF80FD39D450}.Debug|Any CPU.ActiveCfg = Debug|Any CPU
		{A9A9F605-F5D9-42E8-8F28-CF80FD39D450}.Debug|Any CPU.Build.0 = Debug|Any CPU
		{A9A9F605-F5D9-42E8-8F28-CF80FD39D450}.Debug|x86.ActiveCfg = Debug|Any CPU
		{A9A9F605-F5D9-42E8-8F28-CF80FD39D450}.Release|Any CPU.ActiveCfg = Release|Any CPU
		{A9A9F605-F5D9-42E8-8F28-CF80FD39D450}.Release|Any CPU.Build.0 = Release|Any CPU
		{A9A9F605-F5D9-42E8-8F28-CF80FD39D450}.Release|x86.ActiveCfg = Release|Any CPU
		{448AB068-C543-4D6A-863A-DB4B95B8576B}.Debug|Any CPU.ActiveCfg = Debug|Any CPU
		{448AB068-C543-4D6A-863A-DB4B95B8576B}.Debug|Any CPU.Build.0 = Debug|Any CPU
		{448AB068-C543-4D6A-863A-DB4B95B8576B}.Debug|x86.ActiveCfg = Debug|Any CPU
		{448AB068-C543-4D6A-863A-DB4B95B8576B}.Release|Any CPU.ActiveCfg = Release|Any CPU
		{448AB068-C543-4D6A-863A-DB4B95B8576B}.Release|Any CPU.Build.0 = Release|Any CPU
		{448AB068-C543-4D6A-863A-DB4B95B8576B}.Release|x86.ActiveCfg = Release|Any CPU
		{C0F05B00-B19B-4699-94DD-3C4E20AFE599}.Debug|Any CPU.ActiveCfg = Debug|Any CPU
		{C0F05B00-B19B-4699-94DD-3C4E20AFE599}.Debug|Any CPU.Build.0 = Debug|Any CPU
		{C0F05B00-B19B-4699-94DD-3C4E20AFE599}.Debug|x86.ActiveCfg = Debug|Any CPU
		{C0F05B00-B19B-4699-94DD-3C4E20AFE599}.Release|Any CPU.ActiveCfg = Release|Any CPU
		{C0F05B00-B19B-4699-94DD-3C4E20AFE599}.Release|Any CPU.Build.0 = Release|Any CPU
		{C0F05B00-B19B-4699-94DD-3C4E20AFE599}.Release|x86.ActiveCfg = Release|Any CPU
		{F157B21A-3C94-4DCD-9D45-1CA3B5AB8BB4}.Debug|Any CPU.ActiveCfg = Debug|Any CPU
		{F157B21A-3C94-4DCD-9D45-1CA3B5AB8BB4}.Debug|Any CPU.Build.0 = Debug|Any CPU
		{F157B21A-3C94-4DCD-9D45-1CA3B5AB8BB4}.Debug|x86.ActiveCfg = Debug|Any CPU
		{F157B21A-3C94-4DCD-9D45-1CA3B5AB8BB4}.Release|Any CPU.ActiveCfg = Release|Any CPU
		{F157B21A-3C94-4DCD-9D45-1CA3B5AB8BB4}.Release|Any CPU.Build.0 = Release|Any CPU
		{F157B21A-3C94-4DCD-9D45-1CA3B5AB8BB4}.Release|x86.ActiveCfg = Release|Any CPU
		{EB628C18-0299-44C4-97FF-3917BACDBB5F}.Debug|Any CPU.ActiveCfg = Debug|Any CPU
		{EB628C18-0299-44C4-97FF-3917BACDBB5F}.Debug|Any CPU.Build.0 = Debug|Any CPU
		{EB628C18-0299-44C4-97FF-3917BACDBB5F}.Debug|x86.ActiveCfg = Debug|Any CPU
		{EB628C18-0299-44C4-97FF-3917BACDBB5F}.Release|Any CPU.ActiveCfg = Release|Any CPU
		{EB628C18-0299-44C4-97FF-3917BACDBB5F}.Release|Any CPU.Build.0 = Release|Any CPU
		{EB628C18-0299-44C4-97FF-3917BACDBB5F}.Release|x86.ActiveCfg = Release|Any CPU
		{C07B4E98-1F7A-4C5C-8008-72E273575EB7}.Debug|Any CPU.ActiveCfg = Debug|Any CPU
		{C07B4E98-1F7A-4C5C-8008-72E273575EB7}.Debug|Any CPU.Build.0 = Debug|Any CPU
		{C07B4E98-1F7A-4C5C-8008-72E273575EB7}.Debug|x86.ActiveCfg = Debug|Any CPU
		{C07B4E98-1F7A-4C5C-8008-72E273575EB7}.Release|Any CPU.ActiveCfg = Release|Any CPU
		{C07B4E98-1F7A-4C5C-8008-72E273575EB7}.Release|Any CPU.Build.0 = Release|Any CPU
		{C07B4E98-1F7A-4C5C-8008-72E273575EB7}.Release|x86.ActiveCfg = Release|Any CPU
		{F23BBB71-9CF1-4899-9B25-AA5D1D207CD6}.Debug|Any CPU.ActiveCfg = Debug|Any CPU
		{F23BBB71-9CF1-4899-9B25-AA5D1D207CD6}.Debug|Any CPU.Build.0 = Debug|Any CPU
		{F23BBB71-9CF1-4899-9B25-AA5D1D207CD6}.Debug|x86.ActiveCfg = Debug|Any CPU
		{F23BBB71-9CF1-4899-9B25-AA5D1D207CD6}.Release|Any CPU.ActiveCfg = Release|Any CPU
		{F23BBB71-9CF1-4899-9B25-AA5D1D207CD6}.Release|Any CPU.Build.0 = Release|Any CPU
		{F23BBB71-9CF1-4899-9B25-AA5D1D207CD6}.Release|x86.ActiveCfg = Release|Any CPU
		{626FD206-9373-4176-92D5-A92776068939}.Debug|Any CPU.ActiveCfg = Debug|Any CPU
		{626FD206-9373-4176-92D5-A92776068939}.Debug|Any CPU.Build.0 = Debug|Any CPU
		{626FD206-9373-4176-92D5-A92776068939}.Debug|x86.ActiveCfg = Debug|Any CPU
		{626FD206-9373-4176-92D5-A92776068939}.Release|Any CPU.ActiveCfg = Release|Any CPU
		{626FD206-9373-4176-92D5-A92776068939}.Release|Any CPU.Build.0 = Release|Any CPU
		{626FD206-9373-4176-92D5-A92776068939}.Release|x86.ActiveCfg = Release|Any CPU
		{48B3314D-4E28-4A43-AACD-C2C57D1E0B9B}.Debug|Any CPU.ActiveCfg = Debug|Any CPU
		{48B3314D-4E28-4A43-AACD-C2C57D1E0B9B}.Debug|Any CPU.Build.0 = Debug|Any CPU
		{48B3314D-4E28-4A43-AACD-C2C57D1E0B9B}.Debug|x86.ActiveCfg = Debug|Any CPU
		{48B3314D-4E28-4A43-AACD-C2C57D1E0B9B}.Release|Any CPU.ActiveCfg = Release|Any CPU
		{48B3314D-4E28-4A43-AACD-C2C57D1E0B9B}.Release|Any CPU.Build.0 = Release|Any CPU
		{48B3314D-4E28-4A43-AACD-C2C57D1E0B9B}.Release|x86.ActiveCfg = Release|Any CPU
		{0369204E-192F-4BFB-A95D-0CE6DCC41A2E}.Debug|Any CPU.ActiveCfg = Debug|Any CPU
		{0369204E-192F-4BFB-A95D-0CE6DCC41A2E}.Debug|Any CPU.Build.0 = Debug|Any CPU
		{0369204E-192F-4BFB-A95D-0CE6DCC41A2E}.Debug|x86.ActiveCfg = Debug|Any CPU
		{0369204E-192F-4BFB-A95D-0CE6DCC41A2E}.Release|Any CPU.ActiveCfg = Release|Any CPU
		{0369204E-192F-4BFB-A95D-0CE6DCC41A2E}.Release|Any CPU.Build.0 = Release|Any CPU
		{0369204E-192F-4BFB-A95D-0CE6DCC41A2E}.Release|x86.ActiveCfg = Release|Any CPU
		{A8BC4DC6-1BC7-47CF-9747-1050C3E2B571}.Debug|Any CPU.ActiveCfg = Debug|Any CPU
		{A8BC4DC6-1BC7-47CF-9747-1050C3E2B571}.Debug|Any CPU.Build.0 = Debug|Any CPU
		{A8BC4DC6-1BC7-47CF-9747-1050C3E2B571}.Debug|x86.ActiveCfg = Debug|Any CPU
		{A8BC4DC6-1BC7-47CF-9747-1050C3E2B571}.Release|Any CPU.ActiveCfg = Release|Any CPU
		{A8BC4DC6-1BC7-47CF-9747-1050C3E2B571}.Release|Any CPU.Build.0 = Release|Any CPU
		{A8BC4DC6-1BC7-47CF-9747-1050C3E2B571}.Release|x86.ActiveCfg = Release|Any CPU
		{4350005F-9635-44AF-A332-5AF1A4EDB756}.Debug|Any CPU.ActiveCfg = Debug|Any CPU
		{4350005F-9635-44AF-A332-5AF1A4EDB756}.Debug|Any CPU.Build.0 = Debug|Any CPU
		{4350005F-9635-44AF-A332-5AF1A4EDB756}.Debug|x86.ActiveCfg = Debug|Any CPU
		{4350005F-9635-44AF-A332-5AF1A4EDB756}.Release|Any CPU.ActiveCfg = Release|Any CPU
		{4350005F-9635-44AF-A332-5AF1A4EDB756}.Release|Any CPU.Build.0 = Release|Any CPU
		{4350005F-9635-44AF-A332-5AF1A4EDB756}.Release|x86.ActiveCfg = Release|Any CPU
		{9F1C9A00-9D60-4568-B178-F9FD889E0C94}.Debug|Any CPU.ActiveCfg = Debug|Any CPU
		{9F1C9A00-9D60-4568-B178-F9FD889E0C94}.Debug|Any CPU.Build.0 = Debug|Any CPU
		{9F1C9A00-9D60-4568-B178-F9FD889E0C94}.Debug|x86.ActiveCfg = Debug|Any CPU
		{9F1C9A00-9D60-4568-B178-F9FD889E0C94}.Release|Any CPU.ActiveCfg = Release|Any CPU
		{9F1C9A00-9D60-4568-B178-F9FD889E0C94}.Release|Any CPU.Build.0 = Release|Any CPU
		{9F1C9A00-9D60-4568-B178-F9FD889E0C94}.Release|x86.ActiveCfg = Release|Any CPU
		{5B0B52F5-9DE0-494D-93C6-C780D2309FAC}.Debug|Any CPU.ActiveCfg = Debug|Any CPU
		{5B0B52F5-9DE0-494D-93C6-C780D2309FAC}.Debug|Any CPU.Build.0 = Debug|Any CPU
		{5B0B52F5-9DE0-494D-93C6-C780D2309FAC}.Debug|x86.ActiveCfg = Debug|Any CPU
		{5B0B52F5-9DE0-494D-93C6-C780D2309FAC}.Release|Any CPU.ActiveCfg = Release|Any CPU
		{5B0B52F5-9DE0-494D-93C6-C780D2309FAC}.Release|Any CPU.Build.0 = Release|Any CPU
		{5B0B52F5-9DE0-494D-93C6-C780D2309FAC}.Release|x86.ActiveCfg = Release|Any CPU
		{0537581B-F98B-43B8-A81C-042452F2F6A8}.Debug|Any CPU.ActiveCfg = Debug|Any CPU
		{0537581B-F98B-43B8-A81C-042452F2F6A8}.Debug|Any CPU.Build.0 = Debug|Any CPU
		{0537581B-F98B-43B8-A81C-042452F2F6A8}.Debug|x86.ActiveCfg = Debug|Any CPU
		{0537581B-F98B-43B8-A81C-042452F2F6A8}.Release|Any CPU.ActiveCfg = Release|Any CPU
		{0537581B-F98B-43B8-A81C-042452F2F6A8}.Release|Any CPU.Build.0 = Release|Any CPU
		{0537581B-F98B-43B8-A81C-042452F2F6A8}.Release|x86.ActiveCfg = Release|Any CPU
		{524E5683-6042-492A-9692-791F1BB298BC}.Debug|Any CPU.ActiveCfg = Debug|Any CPU
		{524E5683-6042-492A-9692-791F1BB298BC}.Debug|Any CPU.Build.0 = Debug|Any CPU
		{524E5683-6042-492A-9692-791F1BB298BC}.Debug|x86.ActiveCfg = Debug|Any CPU
		{524E5683-6042-492A-9692-791F1BB298BC}.Release|Any CPU.ActiveCfg = Release|Any CPU
		{524E5683-6042-492A-9692-791F1BB298BC}.Release|Any CPU.Build.0 = Release|Any CPU
		{524E5683-6042-492A-9692-791F1BB298BC}.Release|x86.ActiveCfg = Release|Any CPU
		{EE05AA91-6FE4-4478-BB93-7455987C5888}.Debug|Any CPU.ActiveCfg = Debug|Any CPU
		{EE05AA91-6FE4-4478-BB93-7455987C5888}.Debug|Any CPU.Build.0 = Debug|Any CPU
		{EE05AA91-6FE4-4478-BB93-7455987C5888}.Debug|x86.ActiveCfg = Debug|Any CPU
		{EE05AA91-6FE4-4478-BB93-7455987C5888}.Release|Any CPU.ActiveCfg = Release|Any CPU
		{EE05AA91-6FE4-4478-BB93-7455987C5888}.Release|Any CPU.Build.0 = Release|Any CPU
		{EE05AA91-6FE4-4478-BB93-7455987C5888}.Release|x86.ActiveCfg = Release|Any CPU
		{4689E7A8-FDA7-45E5-ABA4-576B26A5FA33}.Debug|Any CPU.ActiveCfg = Debug|Any CPU
		{4689E7A8-FDA7-45E5-ABA4-576B26A5FA33}.Debug|x86.ActiveCfg = Debug|Any CPU
		{4689E7A8-FDA7-45E5-ABA4-576B26A5FA33}.Release|Any CPU.ActiveCfg = Release|Any CPU
		{4689E7A8-FDA7-45E5-ABA4-576B26A5FA33}.Release|Any CPU.Build.0 = Release|Any CPU
		{4689E7A8-FDA7-45E5-ABA4-576B26A5FA33}.Release|x86.ActiveCfg = Release|Any CPU
		{E0BB2A14-B153-48E2-9A74-B71BF8B8D462}.Debug|Any CPU.ActiveCfg = Debug|Any CPU
		{E0BB2A14-B153-48E2-9A74-B71BF8B8D462}.Debug|Any CPU.Build.0 = Debug|Any CPU
		{E0BB2A14-B153-48E2-9A74-B71BF8B8D462}.Debug|x86.ActiveCfg = Debug|Any CPU
		{E0BB2A14-B153-48E2-9A74-B71BF8B8D462}.Release|Any CPU.ActiveCfg = Release|Any CPU
		{E0BB2A14-B153-48E2-9A74-B71BF8B8D462}.Release|Any CPU.Build.0 = Release|Any CPU
		{E0BB2A14-B153-48E2-9A74-B71BF8B8D462}.Release|x86.ActiveCfg = Release|Any CPU
		{F4E8C5F5-CA23-4508-B540-A87068EA7329}.Debug|Any CPU.ActiveCfg = Debug|Any CPU
		{F4E8C5F5-CA23-4508-B540-A87068EA7329}.Debug|Any CPU.Build.0 = Debug|Any CPU
		{F4E8C5F5-CA23-4508-B540-A87068EA7329}.Debug|x86.ActiveCfg = Debug|Any CPU
		{F4E8C5F5-CA23-4508-B540-A87068EA7329}.Release|Any CPU.ActiveCfg = Release|Any CPU
		{F4E8C5F5-CA23-4508-B540-A87068EA7329}.Release|Any CPU.Build.0 = Release|Any CPU
		{F4E8C5F5-CA23-4508-B540-A87068EA7329}.Release|x86.ActiveCfg = Release|Any CPU
		{457A6294-AB7C-4919-92EF-9C4A9200E235}.Debug|Any CPU.ActiveCfg = Debug|Any CPU
		{457A6294-AB7C-4919-92EF-9C4A9200E235}.Debug|Any CPU.Build.0 = Debug|Any CPU
		{457A6294-AB7C-4919-92EF-9C4A9200E235}.Debug|x86.ActiveCfg = Debug|Any CPU
		{457A6294-AB7C-4919-92EF-9C4A9200E235}.Release|Any CPU.ActiveCfg = Release|Any CPU
		{457A6294-AB7C-4919-92EF-9C4A9200E235}.Release|Any CPU.Build.0 = Release|Any CPU
		{457A6294-AB7C-4919-92EF-9C4A9200E235}.Release|x86.ActiveCfg = Release|Any CPU
		{24F0E036-FC3B-4D3A-B4BA-E1B999D3748E}.Debug|Any CPU.ActiveCfg = Debug|Any CPU
		{24F0E036-FC3B-4D3A-B4BA-E1B999D3748E}.Debug|Any CPU.Build.0 = Debug|Any CPU
		{24F0E036-FC3B-4D3A-B4BA-E1B999D3748E}.Debug|x86.ActiveCfg = Debug|Any CPU
		{24F0E036-FC3B-4D3A-B4BA-E1B999D3748E}.Release|Any CPU.ActiveCfg = Release|Any CPU
		{24F0E036-FC3B-4D3A-B4BA-E1B999D3748E}.Release|Any CPU.Build.0 = Release|Any CPU
		{24F0E036-FC3B-4D3A-B4BA-E1B999D3748E}.Release|x86.ActiveCfg = Release|Any CPU
		{0CFD5A01-2368-41A1-AFD6-75A5400E75B3}.Debug|Any CPU.ActiveCfg = Debug|Any CPU
		{0CFD5A01-2368-41A1-AFD6-75A5400E75B3}.Debug|Any CPU.Build.0 = Debug|Any CPU
		{0CFD5A01-2368-41A1-AFD6-75A5400E75B3}.Debug|x86.ActiveCfg = Debug|Any CPU
		{0CFD5A01-2368-41A1-AFD6-75A5400E75B3}.Release|Any CPU.ActiveCfg = Release|Any CPU
		{0CFD5A01-2368-41A1-AFD6-75A5400E75B3}.Release|Any CPU.Build.0 = Release|Any CPU
		{0CFD5A01-2368-41A1-AFD6-75A5400E75B3}.Release|x86.ActiveCfg = Release|Any CPU
		{A9D7D600-A4F9-4F28-A4B0-A50E9095D2AA}.Debug|Any CPU.ActiveCfg = Debug|Any CPU
		{A9D7D600-A4F9-4F28-A4B0-A50E9095D2AA}.Debug|Any CPU.Build.0 = Debug|Any CPU
		{A9D7D600-A4F9-4F28-A4B0-A50E9095D2AA}.Debug|x86.ActiveCfg = Debug|Any CPU
		{A9D7D600-A4F9-4F28-A4B0-A50E9095D2AA}.Release|Any CPU.ActiveCfg = Release|Any CPU
		{A9D7D600-A4F9-4F28-A4B0-A50E9095D2AA}.Release|Any CPU.Build.0 = Release|Any CPU
		{A9D7D600-A4F9-4F28-A4B0-A50E9095D2AA}.Release|x86.ActiveCfg = Release|Any CPU
		{2622F518-89FC-4DB2-90DF-E8D0409D115F}.Debug|Any CPU.ActiveCfg = Debug|Any CPU
		{2622F518-89FC-4DB2-90DF-E8D0409D115F}.Debug|Any CPU.Build.0 = Debug|Any CPU
		{2622F518-89FC-4DB2-90DF-E8D0409D115F}.Debug|x86.ActiveCfg = Debug|Any CPU
		{2622F518-89FC-4DB2-90DF-E8D0409D115F}.Release|Any CPU.ActiveCfg = Release|Any CPU
		{2622F518-89FC-4DB2-90DF-E8D0409D115F}.Release|Any CPU.Build.0 = Release|Any CPU
		{2622F518-89FC-4DB2-90DF-E8D0409D115F}.Release|x86.ActiveCfg = Release|Any CPU
		{29973652-2B21-4B93-936C-FCFF24BC6BAF}.Debug|Any CPU.ActiveCfg = Debug|Any CPU
		{29973652-2B21-4B93-936C-FCFF24BC6BAF}.Debug|Any CPU.Build.0 = Debug|Any CPU
		{29973652-2B21-4B93-936C-FCFF24BC6BAF}.Debug|x86.ActiveCfg = Debug|Any CPU
		{29973652-2B21-4B93-936C-FCFF24BC6BAF}.Release|Any CPU.ActiveCfg = Release|Any CPU
		{29973652-2B21-4B93-936C-FCFF24BC6BAF}.Release|Any CPU.Build.0 = Release|Any CPU
		{29973652-2B21-4B93-936C-FCFF24BC6BAF}.Release|x86.ActiveCfg = Release|Any CPU
		{C13FA6AB-A69B-4147-B84E-F16D80C7953C}.Debug|Any CPU.ActiveCfg = Debug|Any CPU
		{C13FA6AB-A69B-4147-B84E-F16D80C7953C}.Debug|Any CPU.Build.0 = Debug|Any CPU
		{C13FA6AB-A69B-4147-B84E-F16D80C7953C}.Debug|x86.ActiveCfg = Debug|Any CPU
		{C13FA6AB-A69B-4147-B84E-F16D80C7953C}.Release|Any CPU.ActiveCfg = Release|Any CPU
		{C13FA6AB-A69B-4147-B84E-F16D80C7953C}.Release|Any CPU.Build.0 = Release|Any CPU
		{C13FA6AB-A69B-4147-B84E-F16D80C7953C}.Release|x86.ActiveCfg = Release|Any CPU
		{A559997E-2FCC-4405-9384-EAAE459FA04C}.Debug|Any CPU.ActiveCfg = Debug|Any CPU
		{A559997E-2FCC-4405-9384-EAAE459FA04C}.Debug|Any CPU.Build.0 = Debug|Any CPU
		{A559997E-2FCC-4405-9384-EAAE459FA04C}.Debug|x86.ActiveCfg = Debug|Any CPU
		{A559997E-2FCC-4405-9384-EAAE459FA04C}.Release|Any CPU.ActiveCfg = Release|Any CPU
		{A559997E-2FCC-4405-9384-EAAE459FA04C}.Release|Any CPU.Build.0 = Release|Any CPU
		{A559997E-2FCC-4405-9384-EAAE459FA04C}.Release|x86.ActiveCfg = Release|Any CPU
		{E9488750-C508-43AE-8CD9-BD2853ED829D}.Debug|Any CPU.ActiveCfg = Debug|Any CPU
		{E9488750-C508-43AE-8CD9-BD2853ED829D}.Debug|Any CPU.Build.0 = Debug|Any CPU
		{E9488750-C508-43AE-8CD9-BD2853ED829D}.Debug|x86.ActiveCfg = Debug|Any CPU
		{E9488750-C508-43AE-8CD9-BD2853ED829D}.Release|Any CPU.ActiveCfg = Release|Any CPU
		{E9488750-C508-43AE-8CD9-BD2853ED829D}.Release|Any CPU.Build.0 = Release|Any CPU
		{E9488750-C508-43AE-8CD9-BD2853ED829D}.Release|x86.ActiveCfg = Release|Any CPU
		{8AA2263D-B040-4E97-9FE3-B51B63475F1A}.Debug|Any CPU.ActiveCfg = Debug|Any CPU
		{8AA2263D-B040-4E97-9FE3-B51B63475F1A}.Debug|Any CPU.Build.0 = Debug|Any CPU
		{8AA2263D-B040-4E97-9FE3-B51B63475F1A}.Debug|x86.ActiveCfg = Debug|Any CPU
		{8AA2263D-B040-4E97-9FE3-B51B63475F1A}.Release|Any CPU.ActiveCfg = Release|Any CPU
		{8AA2263D-B040-4E97-9FE3-B51B63475F1A}.Release|Any CPU.Build.0 = Release|Any CPU
		{8AA2263D-B040-4E97-9FE3-B51B63475F1A}.Release|x86.ActiveCfg = Release|Any CPU
		{FB3F64DF-55CB-4A2B-B922-B09936F72170}.Debug|Any CPU.ActiveCfg = Debug|Any CPU
		{FB3F64DF-55CB-4A2B-B922-B09936F72170}.Debug|Any CPU.Build.0 = Debug|Any CPU
		{FB3F64DF-55CB-4A2B-B922-B09936F72170}.Debug|x86.ActiveCfg = Debug|Any CPU
		{FB3F64DF-55CB-4A2B-B922-B09936F72170}.Release|Any CPU.ActiveCfg = Release|Any CPU
		{FB3F64DF-55CB-4A2B-B922-B09936F72170}.Release|Any CPU.Build.0 = Release|Any CPU
		{FB3F64DF-55CB-4A2B-B922-B09936F72170}.Release|x86.ActiveCfg = Release|Any CPU
		{3A59F342-3B6F-4657-94E6-240B9188E4F6}.Debug|Any CPU.ActiveCfg = Debug|Any CPU
		{3A59F342-3B6F-4657-94E6-240B9188E4F6}.Debug|Any CPU.Build.0 = Debug|Any CPU
		{3A59F342-3B6F-4657-94E6-240B9188E4F6}.Debug|x86.ActiveCfg = Debug|Any CPU
		{3A59F342-3B6F-4657-94E6-240B9188E4F6}.Release|Any CPU.ActiveCfg = Release|Any CPU
		{3A59F342-3B6F-4657-94E6-240B9188E4F6}.Release|Any CPU.Build.0 = Release|Any CPU
		{3A59F342-3B6F-4657-94E6-240B9188E4F6}.Release|x86.ActiveCfg = Release|Any CPU
		{67133ADF-3DC8-4957-9150-1D13EE8A81F6}.Debug|Any CPU.ActiveCfg = Debug|Any CPU
		{67133ADF-3DC8-4957-9150-1D13EE8A81F6}.Debug|Any CPU.Build.0 = Debug|Any CPU
		{67133ADF-3DC8-4957-9150-1D13EE8A81F6}.Debug|x86.ActiveCfg = Debug|Any CPU
		{67133ADF-3DC8-4957-9150-1D13EE8A81F6}.Release|Any CPU.ActiveCfg = Release|Any CPU
		{67133ADF-3DC8-4957-9150-1D13EE8A81F6}.Release|Any CPU.Build.0 = Release|Any CPU
		{67133ADF-3DC8-4957-9150-1D13EE8A81F6}.Release|x86.ActiveCfg = Release|Any CPU
		{EAE6B897-E5A6-4E0E-BFB0-023D64AFD6E5}.Debug|Any CPU.ActiveCfg = Debug|Any CPU
		{EAE6B897-E5A6-4E0E-BFB0-023D64AFD6E5}.Debug|Any CPU.Build.0 = Debug|Any CPU
		{EAE6B897-E5A6-4E0E-BFB0-023D64AFD6E5}.Debug|x86.ActiveCfg = Debug|Any CPU
		{EAE6B897-E5A6-4E0E-BFB0-023D64AFD6E5}.Release|Any CPU.ActiveCfg = Release|Any CPU
		{EAE6B897-E5A6-4E0E-BFB0-023D64AFD6E5}.Release|Any CPU.Build.0 = Release|Any CPU
		{EAE6B897-E5A6-4E0E-BFB0-023D64AFD6E5}.Release|x86.ActiveCfg = Release|Any CPU
		{9F062177-BA0C-492A-AC7F-C3F4853F7DE2}.Debug|Any CPU.ActiveCfg = Debug|Any CPU
		{9F062177-BA0C-492A-AC7F-C3F4853F7DE2}.Debug|Any CPU.Build.0 = Debug|Any CPU
		{9F062177-BA0C-492A-AC7F-C3F4853F7DE2}.Debug|x86.ActiveCfg = Debug|Any CPU
		{9F062177-BA0C-492A-AC7F-C3F4853F7DE2}.Release|Any CPU.ActiveCfg = Release|Any CPU
		{9F062177-BA0C-492A-AC7F-C3F4853F7DE2}.Release|Any CPU.Build.0 = Release|Any CPU
		{9F062177-BA0C-492A-AC7F-C3F4853F7DE2}.Release|x86.ActiveCfg = Release|Any CPU
	EndGlobalSection
	GlobalSection(SolutionProperties) = preSolution
		HideSolutionNode = FALSE
	EndGlobalSection
	GlobalSection(NestedProjects) = preSolution
		{F5015540-85DC-4931-B214-0C7BBB50AA5A} = {F9E370AF-DD5A-44DE-B79D-710EA681D24A}
		{2378DD4D-2EC3-49BD-8756-1011FE926FCB} = {F9E370AF-DD5A-44DE-B79D-710EA681D24A}
		{B7F8E6B0-95FB-407F-A445-F89EF5F599F9} = {F9E370AF-DD5A-44DE-B79D-710EA681D24A}
		{6F1EBBDA-15A9-4648-8702-50C397FB42B8} = {F9E370AF-DD5A-44DE-B79D-710EA681D24A}
		{E0BB2A14-B153-48E2-9A74-B71BF8B8D462} = {F9E370AF-DD5A-44DE-B79D-710EA681D24A}
		{7525C1EC-8784-41FE-91EB-0119E76C133B} = {F5015540-85DC-4931-B214-0C7BBB50AA5A}
		{BD314549-18B6-494D-98A2-EB7ACB359D82} = {F5015540-85DC-4931-B214-0C7BBB50AA5A}
		{287CCF74-DB6F-4981-97E2-5EC1CB8BCC7B} = {F5015540-85DC-4931-B214-0C7BBB50AA5A}
		{0D07F840-2370-40B5-9D30-AC9E4E58985A} = {F5015540-85DC-4931-B214-0C7BBB50AA5A}
		{F4E8C5F5-CA23-4508-B540-A87068EA7329} = {F5015540-85DC-4931-B214-0C7BBB50AA5A}
		{3899DBFB-A51E-48AF-B48D-3F123C36DD28} = {BADBA122-474A-490B-B465-BAD2992DD61F}
		{7895744F-A319-4D27-87EA-D19764D86E61} = {BADBA122-474A-490B-B465-BAD2992DD61F}
		{F4D00BA4-412B-4A5E-B488-4BFF219E0B99} = {BADBA122-474A-490B-B465-BAD2992DD61F}
		{6A7E01F0-A404-4A60-9069-87C30EFA5AF1} = {BADBA122-474A-490B-B465-BAD2992DD61F}
		{F5299AE9-14CC-4707-A81C-866D2539B27B} = {BADBA122-474A-490B-B465-BAD2992DD61F}
		{AD39FF58-DD91-452E-BC7F-B94E00D8E552} = {3899DBFB-A51E-48AF-B48D-3F123C36DD28}
		{CFF39F3C-76B8-48BF-B3FE-B688722F0442} = {3899DBFB-A51E-48AF-B48D-3F123C36DD28}
		{BA8546D8-E9C8-412C-AD51-5D4B81A66A41} = {3899DBFB-A51E-48AF-B48D-3F123C36DD28}
		{A9A9F605-F5D9-42E8-8F28-CF80FD39D450} = {3899DBFB-A51E-48AF-B48D-3F123C36DD28}
		{448AB068-C543-4D6A-863A-DB4B95B8576B} = {3899DBFB-A51E-48AF-B48D-3F123C36DD28}
		{EE05AA91-6FE4-4478-BB93-7455987C5888} = {3899DBFB-A51E-48AF-B48D-3F123C36DD28}
		{457A6294-AB7C-4919-92EF-9C4A9200E235} = {3899DBFB-A51E-48AF-B48D-3F123C36DD28}
		{9F062177-BA0C-492A-AC7F-C3F4853F7DE2} = {3899DBFB-A51E-48AF-B48D-3F123C36DD28}
		{DA4F12F6-5D4B-41A1-A53B-F1AD8AE3B513} = {7895744F-A319-4D27-87EA-D19764D86E61}
		{C13FA6AB-A69B-4147-B84E-F16D80C7953C} = {7895744F-A319-4D27-87EA-D19764D86E61}
		{A559997E-2FCC-4405-9384-EAAE459FA04C} = {7895744F-A319-4D27-87EA-D19764D86E61}
		{E59853DC-6291-46D4-AD58-175AD8ABEDA9} = {F4D00BA4-412B-4A5E-B488-4BFF219E0B99}
		{25D46AB9-B8A6-4672-8C1C-35DEB1811F31} = {F4D00BA4-412B-4A5E-B488-4BFF219E0B99}
		{0C111FFE-C639-4B67-84FD-F04EAD6B2F99} = {F4D00BA4-412B-4A5E-B488-4BFF219E0B99}
		{678544BF-70C0-4035-956C-EB9861CF0C93} = {F4D00BA4-412B-4A5E-B488-4BFF219E0B99}
		{4689E7A8-FDA7-45E5-ABA4-576B26A5FA33} = {DA18C23F-5A4B-4F81-BCA9-C6829A2DAADC}
		{826112A3-5187-4380-8660-D2AFDD34027F} = {6A7E01F0-A404-4A60-9069-87C30EFA5AF1}
		{2622F518-89FC-4DB2-90DF-E8D0409D115F} = {826112A3-5187-4380-8660-D2AFDD34027F}
		{C0F05B00-B19B-4699-94DD-3C4E20AFE599} = {DA4F12F6-5D4B-41A1-A53B-F1AD8AE3B513}
		{F157B21A-3C94-4DCD-9D45-1CA3B5AB8BB4} = {DA4F12F6-5D4B-41A1-A53B-F1AD8AE3B513}
		{EB628C18-0299-44C4-97FF-3917BACDBB5F} = {DA4F12F6-5D4B-41A1-A53B-F1AD8AE3B513}
		{C07B4E98-1F7A-4C5C-8008-72E273575EB7} = {DA4F12F6-5D4B-41A1-A53B-F1AD8AE3B513}
		{F23BBB71-9CF1-4899-9B25-AA5D1D207CD6} = {DA4F12F6-5D4B-41A1-A53B-F1AD8AE3B513}
		{626FD206-9373-4176-92D5-A92776068939} = {DA4F12F6-5D4B-41A1-A53B-F1AD8AE3B513}
		{48B3314D-4E28-4A43-AACD-C2C57D1E0B9B} = {DA4F12F6-5D4B-41A1-A53B-F1AD8AE3B513}
		{0369204E-192F-4BFB-A95D-0CE6DCC41A2E} = {DA4F12F6-5D4B-41A1-A53B-F1AD8AE3B513}
		{A8BC4DC6-1BC7-47CF-9747-1050C3E2B571} = {DA4F12F6-5D4B-41A1-A53B-F1AD8AE3B513}
		{4350005F-9635-44AF-A332-5AF1A4EDB756} = {DA4F12F6-5D4B-41A1-A53B-F1AD8AE3B513}
		{9F1C9A00-9D60-4568-B178-F9FD889E0C94} = {DA4F12F6-5D4B-41A1-A53B-F1AD8AE3B513}
		{5B0B52F5-9DE0-494D-93C6-C780D2309FAC} = {DA4F12F6-5D4B-41A1-A53B-F1AD8AE3B513}
		{0537581B-F98B-43B8-A81C-042452F2F6A8} = {DA4F12F6-5D4B-41A1-A53B-F1AD8AE3B513}
		{524E5683-6042-492A-9692-791F1BB298BC} = {DA4F12F6-5D4B-41A1-A53B-F1AD8AE3B513}
		{24F0E036-FC3B-4D3A-B4BA-E1B999D3748E} = {DA4F12F6-5D4B-41A1-A53B-F1AD8AE3B513}
		{A9D7D600-A4F9-4F28-A4B0-A50E9095D2AA} = {DA4F12F6-5D4B-41A1-A53B-F1AD8AE3B513}
		{E9488750-C508-43AE-8CD9-BD2853ED829D} = {B351A927-6C11-4798-9887-7B39D6D8261D}
		{FB3F64DF-55CB-4A2B-B922-B09936F72170} = {B351A927-6C11-4798-9887-7B39D6D8261D}
		{8AA2263D-B040-4E97-9FE3-B51B63475F1A} = {5D32D78F-008E-4E4D-BFD6-256113D2C8BC}
		{3A59F342-3B6F-4657-94E6-240B9188E4F6} = {F5299AE9-14CC-4707-A81C-866D2539B27B}
		{67133ADF-3DC8-4957-9150-1D13EE8A81F6} = {F5299AE9-14CC-4707-A81C-866D2539B27B}
		{EAE6B897-E5A6-4E0E-BFB0-023D64AFD6E5} = {F5299AE9-14CC-4707-A81C-866D2539B27B}
	EndGlobalSection
EndGlobal
